
Microsoft Visual Studio Solution File, Format Version 12.00
# Visual Studio 15
VisualStudioVersion = 15.0.28307.779
MinimumVisualStudioVersion = 10.0.40219.1
Project("{FAE04EC0-301F-11D3-BF4B-00C04F79EFBC}") = "ConsoleApp2", "ConsoleApp2\ConsoleApp2.csproj", "{26C4714C-830C-4E12-B563-A5B2B9769813}"
EndProject
Global
	GlobalSection(SolutionConfigurationPlatforms) = preSolution
		Debug|Any CPU = Debug|Any CPU
		Release|Any CPU = Release|Any CPU
	EndGlobalSection
	GlobalSection(ProjectConfigurationPlatforms) = postSolution
		{26C4714C-830C-4E12-B563-A5B2B9769813}.Debug|Any CPU.ActiveCfg = Debug|Any CPU
		{26C4714C-830C-4E12-B563-A5B2B9769813}.Debug|Any CPU.Build.0 = Debug|Any CPU
		{26C4714C-830C-4E12-B563-A5B2B9769813}.Release|Any CPU.ActiveCfg = Release|Any CPU
		{26C4714C-830C-4E12-B563-A5B2B9769813}.Release|Any CPU.Build.0 = Release|Any CPU
	EndGlobalSection
	GlobalSection(SolutionProperties) = preSolution
		HideSolutionNode = FALSE
	EndGlobalSection
	GlobalSection(ExtensibilityGlobals) = postSolution
		SolutionGuid = {125312DD-B8A8-4C92-A22C-E19BB5667165}
	EndGlobalSection
EndGlobal
